// !$*UTF8*$!
{
	archiveVersion = 1;
	classes = {
	};
	objectVersion = 46;
	objects = {

/* Begin PBXBuildFile section */
		6C8EF6381E987D3600CDC04F /* ExampleDemoTests.swift in Sources */ = {isa = PBXBuildFile; fileRef = 6C8EF6371E987D3600CDC04F /* ExampleDemoTests.swift */; };
		6C8EF6431E987D3600CDC04F /* ExampleDemoUITests.swift in Sources */ = {isa = PBXBuildFile; fileRef = 6C8EF6421E987D3600CDC04F /* ExampleDemoUITests.swift */; };
		6C8EF67A1E987DC900CDC04F /* AppDelegate.swift in Sources */ = {isa = PBXBuildFile; fileRef = 6C8EF6511E987DC900CDC04F /* AppDelegate.swift */; };
		6C8EF67B1E987DC900CDC04F /* BaseTableViewController.swift in Sources */ = {isa = PBXBuildFile; fileRef = 6C8EF6551E987DC900CDC04F /* BaseTableViewController.swift */; };
		6C8EF67C1E987DC900CDC04F /* BaseViewController.swift in Sources */ = {isa = PBXBuildFile; fileRef = 6C8EF6561E987DC900CDC04F /* BaseViewController.swift */; };
		6C8EF6801E987DC900CDC04F /* BaseNavigationController.swift in Sources */ = {isa = PBXBuildFile; fileRef = 6C8EF65E1E987DC900CDC04F /* BaseNavigationController.swift */; };
		6C8EF6811E987DC900CDC04F /* UserSingle.swift in Sources */ = {isa = PBXBuildFile; fileRef = 6C8EF6601E987DC900CDC04F /* UserSingle.swift */; };
		6C8EF6831E987DC900CDC04F /* Const.swift in Sources */ = {isa = PBXBuildFile; fileRef = 6C8EF6641E987DC900CDC04F /* Const.swift */; };
		6C8EF6841E987DC900CDC04F /* UIBarButtonItem+category.swift in Sources */ = {isa = PBXBuildFile; fileRef = 6C8EF6671E987DC900CDC04F /* UIBarButtonItem+category.swift */; };
		6C8EF6851E987DC900CDC04F /* UIButton+Category.swift in Sources */ = {isa = PBXBuildFile; fileRef = 6C8EF6681E987DC900CDC04F /* UIButton+Category.swift */; };
		6C8EF6861E987DC900CDC04F /* UIColor+Category.swift in Sources */ = {isa = PBXBuildFile; fileRef = 6C8EF6691E987DC900CDC04F /* UIColor+Category.swift */; };
		6C8EF68A1E987DC900CDC04F /* Assets.xcassets in Resources */ = {isa = PBXBuildFile; fileRef = 6C8EF6721E987DC900CDC04F /* Assets.xcassets */; };
		6C8EF68F1E987E8900CDC04F /* MainView.swift in Sources */ = {isa = PBXBuildFile; fileRef = 6C8EF68E1E987E8900CDC04F /* MainView.swift */; };
		6C8EF6911E987EAC00CDC04F /* Data.swift in Sources */ = {isa = PBXBuildFile; fileRef = 6C8EF6901E987EAC00CDC04F /* Data.swift */; };
		6C8EF6931E987EBD00CDC04F /* Net.swift in Sources */ = {isa = PBXBuildFile; fileRef = 6C8EF6921E987EBD00CDC04F /* Net.swift */; };
		6C8EF6951E987EDD00CDC04F /* Tools.swift in Sources */ = {isa = PBXBuildFile; fileRef = 6C8EF6941E987EDD00CDC04F /* Tools.swift */; };
		6C8EF6971E987F4000CDC04F /* List.plist in Resources */ = {isa = PBXBuildFile; fileRef = 6C8EF6961E987F4000CDC04F /* List.plist */; };
		6C8EF6991E987F6100CDC04F /* Components.swift in Sources */ = {isa = PBXBuildFile; fileRef = 6C8EF6981E987F6100CDC04F /* Components.swift */; };
		6C8EF69B1E987F7200CDC04F /* Libs.swift in Sources */ = {isa = PBXBuildFile; fileRef = 6C8EF69A1E987F7200CDC04F /* Libs.swift */; };
/* End PBXBuildFile section */

/* Begin PBXContainerItemProxy section */
		6C8EF6341E987D3600CDC04F /* PBXContainerItemProxy */ = {
			isa = PBXContainerItemProxy;
			containerPortal = 6C8EF6171E987D3600CDC04F /* Project object */;
			proxyType = 1;
			remoteGlobalIDString = 6C8EF61E1E987D3600CDC04F;
			remoteInfo = ExampleDemo;
		};
		6C8EF63F1E987D3600CDC04F /* PBXContainerItemProxy */ = {
			isa = PBXContainerItemProxy;
			containerPortal = 6C8EF6171E987D3600CDC04F /* Project object */;
			proxyType = 1;
			remoteGlobalIDString = 6C8EF61E1E987D3600CDC04F;
			remoteInfo = ExampleDemo;
		};
/* End PBXContainerItemProxy section */

/* Begin PBXFileReference section */
		6C8EF61F1E987D3600CDC04F /* ExampleDemo.app */ = {isa = PBXFileReference; explicitFileType = wrapper.application; includeInIndex = 0; path = ExampleDemo.app; sourceTree = BUILT_PRODUCTS_DIR; };
		6C8EF62E1E987D3600CDC04F /* Info.plist */ = {isa = PBXFileReference; lastKnownFileType = text.plist.xml; path = Info.plist; sourceTree = "<group>"; };
		6C8EF6331E987D3600CDC04F /* ExampleDemoTests.xctest */ = {isa = PBXFileReference; explicitFileType = wrapper.cfbundle; includeInIndex = 0; path = ExampleDemoTests.xctest; sourceTree = BUILT_PRODUCTS_DIR; };
		6C8EF6371E987D3600CDC04F /* ExampleDemoTests.swift */ = {isa = PBXFileReference; lastKnownFileType = sourcecode.swift; path = ExampleDemoTests.swift; sourceTree = "<group>"; };
		6C8EF6391E987D3600CDC04F /* Info.plist */ = {isa = PBXFileReference; lastKnownFileType = text.plist.xml; path = Info.plist; sourceTree = "<group>"; };
		6C8EF63E1E987D3600CDC04F /* ExampleDemoUITests.xctest */ = {isa = PBXFileReference; explicitFileType = wrapper.cfbundle; includeInIndex = 0; path = ExampleDemoUITests.xctest; sourceTree = BUILT_PRODUCTS_DIR; };
		6C8EF6421E987D3600CDC04F /* ExampleDemoUITests.swift */ = {isa = PBXFileReference; lastKnownFileType = sourcecode.swift; path = ExampleDemoUITests.swift; sourceTree = "<group>"; };
		6C8EF6441E987D3600CDC04F /* Info.plist */ = {isa = PBXFileReference; lastKnownFileType = text.plist.xml; path = Info.plist; sourceTree = "<group>"; };
		6C8EF6511E987DC900CDC04F /* AppDelegate.swift */ = {isa = PBXFileReference; fileEncoding = 4; lastKnownFileType = sourcecode.swift; path = AppDelegate.swift; sourceTree = "<group>"; };
		6C8EF6551E987DC900CDC04F /* BaseTableViewController.swift */ = {isa = PBXFileReference; fileEncoding = 4; lastKnownFileType = sourcecode.swift; path = BaseTableViewController.swift; sourceTree = "<group>"; };
		6C8EF6561E987DC900CDC04F /* BaseViewController.swift */ = {isa = PBXFileReference; fileEncoding = 4; lastKnownFileType = sourcecode.swift; path = BaseViewController.swift; sourceTree = "<group>"; };
		6C8EF65E1E987DC900CDC04F /* BaseNavigationController.swift */ = {isa = PBXFileReference; fileEncoding = 4; lastKnownFileType = sourcecode.swift; path = BaseNavigationController.swift; sourceTree = "<group>"; };
		6C8EF6601E987DC900CDC04F /* UserSingle.swift */ = {isa = PBXFileReference; fileEncoding = 4; lastKnownFileType = sourcecode.swift; path = UserSingle.swift; sourceTree = "<group>"; };
		6C8EF6641E987DC900CDC04F /* Const.swift */ = {isa = PBXFileReference; fileEncoding = 4; lastKnownFileType = sourcecode.swift; path = Const.swift; sourceTree = "<group>"; };
		6C8EF6671E987DC900CDC04F /* UIBarButtonItem+category.swift */ = {isa = PBXFileReference; fileEncoding = 4; lastKnownFileType = sourcecode.swift; path = "UIBarButtonItem+category.swift"; sourceTree = "<group>"; };
		6C8EF6681E987DC900CDC04F /* UIButton+Category.swift */ = {isa = PBXFileReference; fileEncoding = 4; lastKnownFileType = sourcecode.swift; path = "UIButton+Category.swift"; sourceTree = "<group>"; };
		6C8EF6691E987DC900CDC04F /* UIColor+Category.swift */ = {isa = PBXFileReference; fileEncoding = 4; lastKnownFileType = sourcecode.swift; path = "UIColor+Category.swift"; sourceTree = "<group>"; };
		6C8EF6721E987DC900CDC04F /* Assets.xcassets */ = {isa = PBXFileReference; lastKnownFileType = folder.assetcatalog; path = Assets.xcassets; sourceTree = "<group>"; };
		6C8EF68E1E987E8900CDC04F /* MainView.swift */ = {isa = PBXFileReference; fileEncoding = 4; lastKnownFileType = sourcecode.swift; path = MainView.swift; sourceTree = "<group>"; };
		6C8EF6901E987EAC00CDC04F /* Data.swift */ = {isa = PBXFileReference; fileEncoding = 4; lastKnownFileType = sourcecode.swift; path = Data.swift; sourceTree = "<group>"; };
		6C8EF6921E987EBD00CDC04F /* Net.swift */ = {isa = PBXFileReference; fileEncoding = 4; lastKnownFileType = sourcecode.swift; path = Net.swift; sourceTree = "<group>"; };
		6C8EF6941E987EDD00CDC04F /* Tools.swift */ = {isa = PBXFileReference; fileEncoding = 4; lastKnownFileType = sourcecode.swift; path = Tools.swift; sourceTree = "<group>"; };
		6C8EF6961E987F4000CDC04F /* List.plist */ = {isa = PBXFileReference; fileEncoding = 4; lastKnownFileType = text.plist.xml; path = List.plist; sourceTree = "<group>"; };
		6C8EF6981E987F6100CDC04F /* Components.swift */ = {isa = PBXFileReference; fileEncoding = 4; lastKnownFileType = sourcecode.swift; path = Components.swift; sourceTree = "<group>"; };
		6C8EF69A1E987F7200CDC04F /* Libs.swift */ = {isa = PBXFileReference; fileEncoding = 4; lastKnownFileType = sourcecode.swift; path = Libs.swift; sourceTree = "<group>"; };
/* End PBXFileReference section */

/* Begin PBXFrameworksBuildPhase section */
		6C8EF61C1E987D3600CDC04F /* Frameworks */ = {
			isa = PBXFrameworksBuildPhase;
			buildActionMask = 2147483647;
			files = (
			);
			runOnlyForDeploymentPostprocessing = 0;
		};
		6C8EF6301E987D3600CDC04F /* Frameworks */ = {
			isa = PBXFrameworksBuildPhase;
			buildActionMask = 2147483647;
			files = (
			);
			runOnlyForDeploymentPostprocessing = 0;
		};
		6C8EF63B1E987D3600CDC04F /* Frameworks */ = {
			isa = PBXFrameworksBuildPhase;
			buildActionMask = 2147483647;
			files = (
			);
			runOnlyForDeploymentPostprocessing = 0;
		};
/* End PBXFrameworksBuildPhase section */

/* Begin PBXGroup section */
		6C8EF6161E987D3600CDC04F = {
			isa = PBXGroup;
			children = (
				6C8EF6211E987D3600CDC04F /* ExampleDemo */,
				6C8EF6361E987D3600CDC04F /* ExampleDemoTests */,
				6C8EF6411E987D3600CDC04F /* ExampleDemoUITests */,
				6C8EF6201E987D3600CDC04F /* Products */,
			);
			sourceTree = "<group>";
		};
		6C8EF6201E987D3600CDC04F /* Products */ = {
			isa = PBXGroup;
			children = (
				6C8EF61F1E987D3600CDC04F /* ExampleDemo.app */,
				6C8EF6331E987D3600CDC04F /* ExampleDemoTests.xctest */,
				6C8EF63E1E987D3600CDC04F /* ExampleDemoUITests.xctest */,
			);
			name = Products;
			sourceTree = "<group>";
		};
		6C8EF6211E987D3600CDC04F /* ExampleDemo */ = {
			isa = PBXGroup;
			children = (
				6C8EF6501E987DC900CDC04F /* AppDelegate */,
				6C8EF6521E987DC900CDC04F /* Class */,
				6C8EF6631E987DC900CDC04F /* Config */,
				6C8EF6651E987DC900CDC04F /* Operation */,
				6C8EF6701E987DC900CDC04F /* Resource */,
				6C8EF6751E987DC900CDC04F /* Vender */,
				6C8EF62E1E987D3600CDC04F /* Info.plist */,
			);
			path = ExampleDemo;
			sourceTree = "<group>";
		};
		6C8EF6361E987D3600CDC04F /* ExampleDemoTests */ = {
			isa = PBXGroup;
			children = (
				6C8EF6371E987D3600CDC04F /* ExampleDemoTests.swift */,
				6C8EF6391E987D3600CDC04F /* Info.plist */,
			);
			path = ExampleDemoTests;
			sourceTree = "<group>";
		};
		6C8EF6411E987D3600CDC04F /* ExampleDemoUITests */ = {
			isa = PBXGroup;
			children = (
				6C8EF6421E987D3600CDC04F /* ExampleDemoUITests.swift */,
				6C8EF6441E987D3600CDC04F /* Info.plist */,
			);
			path = ExampleDemoUITests;
			sourceTree = "<group>";
		};
		6C8EF6501E987DC900CDC04F /* AppDelegate */ = {
			isa = PBXGroup;
			children = (
				6C8EF6511E987DC900CDC04F /* AppDelegate.swift */,
			);
			path = AppDelegate;
			sourceTree = "<group>";
		};
		6C8EF6521E987DC900CDC04F /* Class */ = {
			isa = PBXGroup;
			children = (
				6C8EF6531E987DC900CDC04F /* Base */,
				6C8EF65B1E987DC900CDC04F /* Main */,
			);
			path = Class;
			sourceTree = "<group>";
		};
		6C8EF6531E987DC900CDC04F /* Base */ = {
			isa = PBXGroup;
			children = (
				6C8EF6541E987DC900CDC04F /* Controllers */,
				6C8EF6571E987DC900CDC04F /* Models */,
				6C8EF6591E987DC900CDC04F /* Views */,
			);
			path = Base;
			sourceTree = "<group>";
		};
		6C8EF6541E987DC900CDC04F /* Controllers */ = {
			isa = PBXGroup;
			children = (
				6C8EF6551E987DC900CDC04F /* BaseTableViewController.swift */,
				6C8EF6561E987DC900CDC04F /* BaseViewController.swift */,
			);
			path = Controllers;
			sourceTree = "<group>";
		};
		6C8EF6571E987DC900CDC04F /* Models */ = {
			isa = PBXGroup;
			children = (
			);
			path = Models;
			sourceTree = "<group>";
		};
		6C8EF6591E987DC900CDC04F /* Views */ = {
			isa = PBXGroup;
			children = (
			);
			path = Views;
			sourceTree = "<group>";
		};
		6C8EF65B1E987DC900CDC04F /* Main */ = {
			isa = PBXGroup;
			children = (
				6C8EF65C1E987DC900CDC04F /* Controllers */,
				6C8EF65F1E987DC900CDC04F /* Models */,
				6C8EF6611E987DC900CDC04F /* Views */,
			);
			path = Main;
			sourceTree = "<group>";
		};
		6C8EF65C1E987DC900CDC04F /* Controllers */ = {
			isa = PBXGroup;
			children = (
				6C8EF65E1E987DC900CDC04F /* BaseNavigationController.swift */,
			);
			path = Controllers;
			sourceTree = "<group>";
		};
		6C8EF65F1E987DC900CDC04F /* Models */ = {
			isa = PBXGroup;
			children = (
				6C8EF6601E987DC900CDC04F /* UserSingle.swift */,
			);
			path = Models;
			sourceTree = "<group>";
		};
		6C8EF6611E987DC900CDC04F /* Views */ = {
			isa = PBXGroup;
			children = (
				6C8EF68E1E987E8900CDC04F /* MainView.swift */,
			);
			path = Views;
			sourceTree = "<group>";
		};
		6C8EF6631E987DC900CDC04F /* Config */ = {
			isa = PBXGroup;
			children = (
				6C8EF6641E987DC900CDC04F /* Const.swift */,
			);
			path = Config;
			sourceTree = "<group>";
		};
		6C8EF6651E987DC900CDC04F /* Operation */ = {
			isa = PBXGroup;
			children = (
				6C8EF6661E987DC900CDC04F /* Category */,
				6C8EF66A1E987DC900CDC04F /* Data */,
				6C8EF66C1E987DC900CDC04F /* Net */,
				6C8EF66E1E987DC900CDC04F /* Tools */,
			);
			path = Operation;
			sourceTree = "<group>";
		};
		6C8EF6661E987DC900CDC04F /* Category */ = {
			isa = PBXGroup;
			children = (
				6C8EF6671E987DC900CDC04F /* UIBarButtonItem+category.swift */,
				6C8EF6681E987DC900CDC04F /* UIButton+Category.swift */,
				6C8EF6691E987DC900CDC04F /* UIColor+Category.swift */,
			);
			path = Category;
			sourceTree = "<group>";
		};
		6C8EF66A1E987DC900CDC04F /* Data */ = {
			isa = PBXGroup;
			children = (
				6C8EF6901E987EAC00CDC04F /* Data.swift */,
			);
			path = Data;
			sourceTree = "<group>";
		};
		6C8EF66C1E987DC900CDC04F /* Net */ = {
			isa = PBXGroup;
			children = (
				6C8EF6921E987EBD00CDC04F /* Net.swift */,
			);
			path = Net;
			sourceTree = "<group>";
		};
		6C8EF66E1E987DC900CDC04F /* Tools */ = {
			isa = PBXGroup;
			children = (
				6C8EF6941E987EDD00CDC04F /* Tools.swift */,
			);
			path = Tools;
			sourceTree = "<group>";
		};
		6C8EF6701E987DC900CDC04F /* Resource */ = {
			isa = PBXGroup;
			children = (
				6C8EF6711E987DC900CDC04F /* Image */,
				6C8EF6731E987DC900CDC04F /* plist */,
			);
			path = Resource;
			sourceTree = "<group>";
		};
		6C8EF6711E987DC900CDC04F /* Image */ = {
			isa = PBXGroup;
			children = (
				6C8EF6721E987DC900CDC04F /* Assets.xcassets */,
			);
			path = Image;
			sourceTree = "<group>";
		};
		6C8EF6731E987DC900CDC04F /* plist */ = {
			isa = PBXGroup;
			children = (
				6C8EF6961E987F4000CDC04F /* List.plist */,
			);
			path = plist;
			sourceTree = "<group>";
		};
		6C8EF6751E987DC900CDC04F /* Vender */ = {
			isa = PBXGroup;
			children = (
				6C8EF6761E987DC900CDC04F /* Components */,
				6C8EF6781E987DC900CDC04F /* Libs */,
			);
			path = Vender;
			sourceTree = "<group>";
		};
		6C8EF6761E987DC900CDC04F /* Components */ = {
			isa = PBXGroup;
			children = (
				6C8EF6981E987F6100CDC04F /* Components.swift */,
			);
			path = Components;
			sourceTree = "<group>";
		};
		6C8EF6781E987DC900CDC04F /* Libs */ = {
			isa = PBXGroup;
			children = (
				6C8EF69A1E987F7200CDC04F /* Libs.swift */,
			);
			path = Libs;
			sourceTree = "<group>";
		};
/* End PBXGroup section */

/* Begin PBXNativeTarget section */
		6C8EF61E1E987D3600CDC04F /* ExampleDemo */ = {
			isa = PBXNativeTarget;
			buildConfigurationList = 6C8EF6471E987D3600CDC04F /* Build configuration list for PBXNativeTarget "ExampleDemo" */;
			buildPhases = (
				6C8EF61B1E987D3600CDC04F /* Sources */,
				6C8EF61C1E987D3600CDC04F /* Frameworks */,
				6C8EF61D1E987D3600CDC04F /* Resources */,
			);
			buildRules = (
			);
			dependencies = (
			);
			name = ExampleDemo;
			productName = ExampleDemo;
			productReference = 6C8EF61F1E987D3600CDC04F /* ExampleDemo.app */;
			productType = "com.apple.product-type.application";
		};
		6C8EF6321E987D3600CDC04F /* ExampleDemoTests */ = {
			isa = PBXNativeTarget;
			buildConfigurationList = 6C8EF64A1E987D3600CDC04F /* Build configuration list for PBXNativeTarget "ExampleDemoTests" */;
			buildPhases = (
				6C8EF62F1E987D3600CDC04F /* Sources */,
				6C8EF6301E987D3600CDC04F /* Frameworks */,
				6C8EF6311E987D3600CDC04F /* Resources */,
			);
			buildRules = (
			);
			dependencies = (
				6C8EF6351E987D3600CDC04F /* PBXTargetDependency */,
			);
			name = ExampleDemoTests;
			productName = ExampleDemoTests;
			productReference = 6C8EF6331E987D3600CDC04F /* ExampleDemoTests.xctest */;
			productType = "com.apple.product-type.bundle.unit-test";
		};
		6C8EF63D1E987D3600CDC04F /* ExampleDemoUITests */ = {
			isa = PBXNativeTarget;
			buildConfigurationList = 6C8EF64D1E987D3600CDC04F /* Build configuration list for PBXNativeTarget "ExampleDemoUITests" */;
			buildPhases = (
				6C8EF63A1E987D3600CDC04F /* Sources */,
				6C8EF63B1E987D3600CDC04F /* Frameworks */,
				6C8EF63C1E987D3600CDC04F /* Resources */,
			);
			buildRules = (
			);
			dependencies = (
				6C8EF6401E987D3600CDC04F /* PBXTargetDependency */,
			);
			name = ExampleDemoUITests;
			productName = ExampleDemoUITests;
			productReference = 6C8EF63E1E987D3600CDC04F /* ExampleDemoUITests.xctest */;
			productType = "com.apple.product-type.bundle.ui-testing";
		};
/* End PBXNativeTarget section */

/* Begin PBXProject section */
		6C8EF6171E987D3600CDC04F /* Project object */ = {
			isa = PBXProject;
			attributes = {
				LastSwiftUpdateCheck = 0830;
				LastUpgradeCheck = 0830;
				ORGANIZATIONNAME = lance017;
				TargetAttributes = {
					6C8EF61E1E987D3600CDC04F = {
						CreatedOnToolsVersion = 8.3;
						ProvisioningStyle = Automatic;
					};
					6C8EF6321E987D3600CDC04F = {
						CreatedOnToolsVersion = 8.3;
						ProvisioningStyle = Automatic;
						TestTargetID = 6C8EF61E1E987D3600CDC04F;
					};
					6C8EF63D1E987D3600CDC04F = {
						CreatedOnToolsVersion = 8.3;
						ProvisioningStyle = Automatic;
						TestTargetID = 6C8EF61E1E987D3600CDC04F;
					};
				};
			};
			buildConfigurationList = 6C8EF61A1E987D3600CDC04F /* Build configuration list for PBXProject "ExampleDemo" */;
			compatibilityVersion = "Xcode 3.2";
			developmentRegion = English;
			hasScannedForEncodings = 0;
			knownRegions = (
				en,
				Base,
			);
			mainGroup = 6C8EF6161E987D3600CDC04F;
			productRefGroup = 6C8EF6201E987D3600CDC04F /* Products */;
			projectDirPath = "";
			projectRoot = "";
			targets = (
				6C8EF61E1E987D3600CDC04F /* ExampleDemo */,
				6C8EF6321E987D3600CDC04F /* ExampleDemoTests */,
				6C8EF63D1E987D3600CDC04F /* ExampleDemoUITests */,
			);
		};
/* End PBXProject section */

/* Begin PBXResourcesBuildPhase section */
		6C8EF61D1E987D3600CDC04F /* Resources */ = {
			isa = PBXResourcesBuildPhase;
			buildActionMask = 2147483647;
			files = (
				6C8EF6971E987F4000CDC04F /* List.plist in Resources */,
				6C8EF68A1E987DC900CDC04F /* Assets.xcassets in Resources */,
			);
			runOnlyForDeploymentPostprocessing = 0;
		};
		6C8EF6311E987D3600CDC04F /* Resources */ = {
			isa = PBXResourcesBuildPhase;
			buildActionMask = 2147483647;
			files = (
			);
			runOnlyForDeploymentPostprocessing = 0;
		};
		6C8EF63C1E987D3600CDC04F /* Resources */ = {
			isa = PBXResourcesBuildPhase;
			buildActionMask = 2147483647;
			files = (
			);
			runOnlyForDeploymentPostprocessing = 0;
		};
/* End PBXResourcesBuildPhase section */

/* Begin PBXSourcesBuildPhase section */
		6C8EF61B1E987D3600CDC04F /* Sources */ = {
			isa = PBXSourcesBuildPhase;
			buildActionMask = 2147483647;
			files = (
				6C8EF6951E987EDD00CDC04F /* Tools.swift in Sources */,
				6C8EF67C1E987DC900CDC04F /* BaseViewController.swift in Sources */,
				6C8EF6851E987DC900CDC04F /* UIButton+Category.swift in Sources */,
				6C8EF6991E987F6100CDC04F /* Components.swift in Sources */,
				6C8EF6841E987DC900CDC04F /* UIBarButtonItem+category.swift in Sources */,
				6C8EF68F1E987E8900CDC04F /* MainView.swift in Sources */,
				6C8EF6911E987EAC00CDC04F /* Data.swift in Sources */,
				6C8EF67A1E987DC900CDC04F /* AppDelegate.swift in Sources */,
				6C8EF6801E987DC900CDC04F /* BaseNavigationController.swift in Sources */,
				6C8EF69B1E987F7200CDC04F /* Libs.swift in Sources */,
				6C8EF6931E987EBD00CDC04F /* Net.swift in Sources */,
				6C8EF6811E987DC900CDC04F /* UserSingle.swift in Sources */,
				6C8EF6831E987DC900CDC04F /* Const.swift in Sources */,
				6C8EF6861E987DC900CDC04F /* UIColor+Category.swift in Sources */,
				6C8EF67B1E987DC900CDC04F /* BaseTableViewController.swift in Sources */,
			);
			runOnlyForDeploymentPostprocessing = 0;
		};
		6C8EF62F1E987D3600CDC04F /* Sources */ = {
			isa = PBXSourcesBuildPhase;
			buildActionMask = 2147483647;
			files = (
				6C8EF6381E987D3600CDC04F /* ExampleDemoTests.swift in Sources */,
			);
			runOnlyForDeploymentPostprocessing = 0;
		};
		6C8EF63A1E987D3600CDC04F /* Sources */ = {
			isa = PBXSourcesBuildPhase;
			buildActionMask = 2147483647;
			files = (
				6C8EF6431E987D3600CDC04F /* ExampleDemoUITests.swift in Sources */,
			);
			runOnlyForDeploymentPostprocessing = 0;
		};
/* End PBXSourcesBuildPhase section */

/* Begin PBXTargetDependency section */
		6C8EF6351E987D3600CDC04F /* PBXTargetDependency */ = {
			isa = PBXTargetDependency;
			target = 6C8EF61E1E987D3600CDC04F /* ExampleDemo */;
			targetProxy = 6C8EF6341E987D3600CDC04F /* PBXContainerItemProxy */;
		};
		6C8EF6401E987D3600CDC04F /* PBXTargetDependency */ = {
			isa = PBXTargetDependency;
			target = 6C8EF61E1E987D3600CDC04F /* ExampleDemo */;
			targetProxy = 6C8EF63F1E987D3600CDC04F /* PBXContainerItemProxy */;
		};
/* End PBXTargetDependency section */

/* Begin XCBuildConfiguration section */
		6C8EF6451E987D3600CDC04F /* Debug */ = {
			isa = XCBuildConfiguration;
			buildSettings = {
				ALWAYS_SEARCH_USER_PATHS = NO;
				CLANG_ANALYZER_NONNULL = YES;
				CLANG_ANALYZER_NUMBER_OBJECT_CONVERSION = YES_AGGRESSIVE;
				CLANG_CXX_LANGUAGE_STANDARD = "gnu++0x";
				CLANG_CXX_LIBRARY = "libc++";
				CLANG_ENABLE_MODULES = YES;
				CLANG_ENABLE_OBJC_ARC = YES;
				CLANG_WARN_BOOL_CONVERSION = YES;
				CLANG_WARN_CONSTANT_CONVERSION = YES;
				CLANG_WARN_DIRECT_OBJC_ISA_USAGE = YES_ERROR;
				CLANG_WARN_DOCUMENTATION_COMMENTS = YES;
				CLANG_WARN_EMPTY_BODY = YES;
				CLANG_WARN_ENUM_CONVERSION = YES;
				CLANG_WARN_INFINITE_RECURSION = YES;
				CLANG_WARN_INT_CONVERSION = YES;
				CLANG_WARN_OBJC_ROOT_CLASS = YES_ERROR;
				CLANG_WARN_SUSPICIOUS_MOVE = YES;
				CLANG_WARN_UNREACHABLE_CODE = YES;
				CLANG_WARN__DUPLICATE_METHOD_MATCH = YES;
				"CODE_SIGN_IDENTITY[sdk=iphoneos*]" = "iPhone Developer";
				COPY_PHASE_STRIP = NO;
				DEBUG_INFORMATION_FORMAT = dwarf;
				ENABLE_STRICT_OBJC_MSGSEND = YES;
				ENABLE_TESTABILITY = YES;
				GCC_C_LANGUAGE_STANDARD = gnu99;
				GCC_DYNAMIC_NO_PIC = NO;
				GCC_NO_COMMON_BLOCKS = YES;
				GCC_OPTIMIZATION_LEVEL = 0;
				GCC_PREPROCESSOR_DEFINITIONS = (
					"DEBUG=1",
					"$(inherited)",
				);
				GCC_WARN_64_TO_32_BIT_CONVERSION = YES;
				GCC_WARN_ABOUT_RETURN_TYPE = YES_ERROR;
				GCC_WARN_UNDECLARED_SELECTOR = YES;
				GCC_WARN_UNINITIALIZED_AUTOS = YES_AGGRESSIVE;
				GCC_WARN_UNUSED_FUNCTION = YES;
				GCC_WARN_UNUSED_VARIABLE = YES;
				IPHONEOS_DEPLOYMENT_TARGET = 10.3;
				MTL_ENABLE_DEBUG_INFO = YES;
				ONLY_ACTIVE_ARCH = YES;
				SDKROOT = iphoneos;
				SWIFT_ACTIVE_COMPILATION_CONDITIONS = DEBUG;
				SWIFT_OPTIMIZATION_LEVEL = "-Onone";
			};
			name = Debug;
		};
		6C8EF6461E987D3600CDC04F /* Release */ = {
			isa = XCBuildConfiguration;
			buildSettings = {
				ALWAYS_SEARCH_USER_PATHS = NO;
				CLANG_ANALYZER_NONNULL = YES;
				CLANG_ANALYZER_NUMBER_OBJECT_CONVERSION = YES_AGGRESSIVE;
				CLANG_CXX_LANGUAGE_STANDARD = "gnu++0x";
				CLANG_CXX_LIBRARY = "libc++";
				CLANG_ENABLE_MODULES = YES;
				CLANG_ENABLE_OBJC_ARC = YES;
				CLANG_WARN_BOOL_CONVERSION = YES;
				CLANG_WARN_CONSTANT_CONVERSION = YES;
				CLANG_WARN_DIRECT_OBJC_ISA_USAGE = YES_ERROR;
				CLANG_WARN_DOCUMENTATION_COMMENTS = YES;
				CLANG_WARN_EMPTY_BODY = YES;
				CLANG_WARN_ENUM_CONVERSION = YES;
				CLANG_WARN_INFINITE_RECURSION = YES;
				CLANG_WARN_INT_CONVERSION = YES;
				CLANG_WARN_OBJC_ROOT_CLASS = YES_ERROR;
				CLANG_WARN_SUSPICIOUS_MOVE = YES;
				CLANG_WARN_UNREACHABLE_CODE = YES;
				CLANG_WARN__DUPLICATE_METHOD_MATCH = YES;
				"CODE_SIGN_IDENTITY[sdk=iphoneos*]" = "iPhone Developer";
				COPY_PHASE_STRIP = NO;
				DEBUG_INFORMATION_FORMAT = "dwarf-with-dsym";
				ENABLE_NS_ASSERTIONS = NO;
				ENABLE_STRICT_OBJC_MSGSEND = YES;
				GCC_C_LANGUAGE_STANDARD = gnu99;
				GCC_NO_COMMON_BLOCKS = YES;
				GCC_WARN_64_TO_32_BIT_CONVERSION = YES;
				GCC_WARN_ABOUT_RETURN_TYPE = YES_ERROR;
				GCC_WARN_UNDECLARED_SELECTOR = YES;
				GCC_WARN_UNINITIALIZED_AUTOS = YES_AGGRESSIVE;
				GCC_WARN_UNUSED_FUNCTION = YES;
				GCC_WARN_UNUSED_VARIABLE = YES;
				IPHONEOS_DEPLOYMENT_TARGET = 10.3;
				MTL_ENABLE_DEBUG_INFO = NO;
				SDKROOT = iphoneos;
				SWIFT_OPTIMIZATION_LEVEL = "-Owholemodule";
				VALIDATE_PRODUCT = YES;
			};
			name = Release;
		};
		6C8EF6481E987D3600CDC04F /* Debug */ = {
			isa = XCBuildConfiguration;
			buildSettings = {
				ASSETCATALOG_COMPILER_APPICON_NAME = AppIcon;
				INFOPLIST_FILE = ExampleDemo/Info.plist;
				IPHONEOS_DEPLOYMENT_TARGET = 10.2;
				LD_RUNPATH_SEARCH_PATHS = "$(inherited) @executable_path/Frameworks";
				PRODUCT_BUNDLE_IDENTIFIER = com.lance017.ExampleDemo;
				PRODUCT_NAME = "$(TARGET_NAME)";
				SWIFT_VERSION = 3.0;
			};
			name = Debug;
		};
		6C8EF6491E987D3600CDC04F /* Release */ = {
			isa = XCBuildConfiguration;
			buildSettings = {
				ASSETCATALOG_COMPILER_APPICON_NAME = AppIcon;
				INFOPLIST_FILE = ExampleDemo/Info.plist;
				IPHONEOS_DEPLOYMENT_TARGET = 10.2;
				LD_RUNPATH_SEARCH_PATHS = "$(inherited) @executable_path/Frameworks";
				PRODUCT_BUNDLE_IDENTIFIER = com.lance017.ExampleDemo;
				PRODUCT_NAME = "$(TARGET_NAME)";
				SWIFT_VERSION = 3.0;
			};
			name = Release;
		};
		6C8EF64B1E987D3600CDC04F /* Debug */ = {
			isa = XCBuildConfiguration;
			buildSettings = {
				ALWAYS_EMBED_SWIFT_STANDARD_LIBRARIES = YES;
				BUNDLE_LOADER = "$(TEST_HOST)";
				INFOPLIST_FILE = ExampleDemoTests/Info.plist;
				LD_RUNPATH_SEARCH_PATHS = "$(inherited) @executable_path/Frameworks @loader_path/Frameworks";
				PRODUCT_BUNDLE_IDENTIFIER = com.lance017.ExampleDemoTests;
				PRODUCT_NAME = "$(TARGET_NAME)";
				SWIFT_VERSION = 3.0;
				TEST_HOST = "$(BUILT_PRODUCTS_DIR)/ExampleDemo.app/ExampleDemo";
			};
			name = Debug;
		};
		6C8EF64C1E987D3600CDC04F /* Release */ = {
			isa = XCBuildConfiguration;
			buildSettings = {
				ALWAYS_EMBED_SWIFT_STANDARD_LIBRARIES = YES;
				BUNDLE_LOADER = "$(TEST_HOST)";
				INFOPLIST_FILE = ExampleDemoTests/Info.plist;
				LD_RUNPATH_SEARCH_PATHS = "$(inherited) @executable_path/Frameworks @loader_path/Frameworks";
				PRODUCT_BUNDLE_IDENTIFIER = com.lance017.ExampleDemoTests;
				PRODUCT_NAME = "$(TARGET_NAME)";
				SWIFT_VERSION = 3.0;
				TEST_HOST = "$(BUILT_PRODUCTS_DIR)/ExampleDemo.app/ExampleDemo";
			};
			name = Release;
		};
		6C8EF64E1E987D3600CDC04F /* Debug */ = {
			isa = XCBuildConfiguration;
			buildSettings = {
				ALWAYS_EMBED_SWIFT_STANDARD_LIBRARIES = YES;
				INFOPLIST_FILE = ExampleDemoUITests/Info.plist;
				LD_RUNPATH_SEARCH_PATHS = "$(inherited) @executable_path/Frameworks @loader_path/Frameworks";
				PRODUCT_BUNDLE_IDENTIFIER = com.lance017.ExampleDemoUITests;
				PRODUCT_NAME = "$(TARGET_NAME)";
				SWIFT_VERSION = 3.0;
				TEST_TARGET_NAME = ExampleDemo;
			};
			name = Debug;
		};
		6C8EF64F1E987D3600CDC04F /* Release */ = {
			isa = XCBuildConfiguration;
			buildSettings = {
				ALWAYS_EMBED_SWIFT_STANDARD_LIBRARIES = YES;
				INFOPLIST_FILE = ExampleDemoUITests/Info.plist;
				LD_RUNPATH_SEARCH_PATHS = "$(inherited) @executable_path/Frameworks @loader_path/Frameworks";
				PRODUCT_BUNDLE_IDENTIFIER = com.lance017.ExampleDemoUITests;
				PRODUCT_NAME = "$(TARGET_NAME)";
				SWIFT_VERSION = 3.0;
				TEST_TARGET_NAME = ExampleDemo;
			};
			name = Release;
		};
/* End XCBuildConfiguration section */

/* Begin XCConfigurationList section */
		6C8EF61A1E987D3600CDC04F /* Build configuration list for PBXProject "ExampleDemo" */ = {
			isa = XCConfigurationList;
			buildConfigurations = (
				6C8EF6451E987D3600CDC04F /* Debug */,
				6C8EF6461E987D3600CDC04F /* Release */,
			);
			defaultConfigurationIsVisible = 0;
			defaultConfigurationName = Release;
		};
		6C8EF6471E987D3600CDC04F /* Build configuration list for PBXNativeTarget "ExampleDemo" */ = {
			isa = XCConfigurationList;
			buildConfigurations = (
				6C8EF6481E987D3600CDC04F /* Debug */,
				6C8EF6491E987D3600CDC04F /* Release */,
			);
			defaultConfigurationIsVisible = 0;
		};
		6C8EF64A1E987D3600CDC04F /* Build configuration list for PBXNativeTarget "ExampleDemoTests" */ = {
			isa = XCConfigurationList;
			buildConfigurations = (
				6C8EF64B1E987D3600CDC04F /* Debug */,
				6C8EF64C1E987D3600CDC04F /* Release */,
			);
			defaultConfigurationIsVisible = 0;
		};
		6C8EF64D1E987D3600CDC04F /* Build configuration list for PBXNativeTarget "ExampleDemoUITests" */ = {
			isa = XCConfigurationList;
			buildConfigurations = (
				6C8EF64E1E987D3600CDC04F /* Debug */,
				6C8EF64F1E987D3600CDC04F /* Release */,
			);
			defaultConfigurationIsVisible = 0;
		};
/* End XCConfigurationList section */
	};
	rootObject = 6C8EF6171E987D3600CDC04F /* Project object */;
}
